{
  "name": "tmp",
  "lockfileVersion": 2,
  "requires": true,
  "packages": {
    "": {
      "dependencies": {
        "@stencil/core": "2.12.1"
      }
    },
    "node_modules/@stencil/core": {
      "version": "2.12.1",
      "resolved": "https://registry.npmjs.org/@stencil/core/-/core-2.12.1.tgz",
      "integrity": "sha512-u24TZ+FEvjnZt5ZgIkLjLpUNsO6Ml3mUZqwmqk81w6RWWz75hgB5p4RFI5rvuErFeh2xvMIGo+pNdG24XUBz1A==",
      "bin": {
        "stencil": "bin/stencil"
      },
      "engines": {
        "node": ">=12.10.0",
        "npm": ">=6.0.0"
      }
    }
  },
  "dependencies": {
    "@stencil/core": {
      "version": "2.12.1",
      "resolved": "https://registry.npmjs.org/@stencil/core/-/core-2.12.1.tgz",
      "integrity": "sha512-u24TZ+FEvjnZt5ZgIkLjLpUNsO6Ml3mUZqwmqk81w6RWWz75hgB5p4RFI5rvuErFeh2xvMIGo+pNdG24XUBz1A=="
    }
  }
}
